# THIS IS AN AUTOGENERATED FILE. DO NOT EDIT THIS FILE DIRECTLY.
# yarn lockfile v1


thelounge-theme-abyss@2.1.0:
  version "2.1.0"
  resolved "https://registry.yarnpkg.com/thelounge-theme-abyss/-/thelounge-theme-abyss-2.1.0.tgz#3f36c958b60bc4871d806407fafa638db2fcf49f"
  integrity sha512-fgEraJX5U/YkGWqtP3YJNV0p/ejQk/P3Dj11wff6H9i8+5CDfRXULl9Jp8KFyZPynk47mj5hwVqm3xj31XSjJg==
